
Microsoft Visual Studio Solution File, Format Version 12.00
# Visual Studio Version 16
VisualStudioVersion = 16.0.31515.178
MinimumVisualStudioVersion = 10.0.40219.1
Project("{888888A0-9F3D-457C-B088-3A5042F75D52}") = "Temperature Conversion", "Temperature Conversion.pyproj", "{9290573A-1C03-471F-A0F8-6143FFAEF1F3}"
EndProject
Global
	GlobalSection(SolutionConfigurationPlatforms) = preSolution
		Debug|Any CPU = Debug|Any CPU
		Release|Any CPU = Release|Any CPU
	EndGlobalSection
	GlobalSection(ProjectConfigurationPlatforms) = postSolution
		{9290573A-1C03-471F-A0F8-6143FFAEF1F3}.Debug|Any CPU.ActiveCfg = Debug|Any CPU
		{9290573A-1C03-471F-A0F8-6143FFAEF1F3}.Release|Any CPU.ActiveCfg = Release|Any CPU
	EndGlobalSection
	GlobalSection(SolutionProperties) = preSolution
		HideSolutionNode = FALSE
	EndGlobalSection
	GlobalSection(ExtensibilityGlobals) = postSolution
		SolutionGuid = {DBA0A78E-E677-44B6-9A73-8A91786271A8}
	EndGlobalSection
EndGlobal
